// !$*UTF8*$!
{
	archiveVersion = 1;
	classes = {
	};
	objectVersion = 56;
	objects = {

/* Begin PBXBuildFile section */
		C5DD69472A0782CA00A55756 /* RecordTableViewCell.swift in Sources */ = {isa = PBXBuildFile; fileRef = C5DD69462A0782CA00A55756 /* RecordTableViewCell.swift */; };
		C5DD694B2A07869E00A55756 /* Record.swift in Sources */ = {isa = PBXBuildFile; fileRef = C5DD694A2A07869E00A55756 /* Record.swift */; };
		F32579792A028A74007ABDC7 /* AppDelegate.swift in Sources */ = {isa = PBXBuildFile; fileRef = F32579782A028A74007ABDC7 /* AppDelegate.swift */; };
		F325797B2A028A74007ABDC7 /* SceneDelegate.swift in Sources */ = {isa = PBXBuildFile; fileRef = F325797A2A028A74007ABDC7 /* SceneDelegate.swift */; };
		F325797D2A028A74007ABDC7 /* ViewController.swift in Sources */ = {isa = PBXBuildFile; fileRef = F325797C2A028A74007ABDC7 /* ViewController.swift */; };
		F32579822A028A75007ABDC7 /* Assets.xcassets in Resources */ = {isa = PBXBuildFile; fileRef = F32579812A028A75007ABDC7 /* Assets.xcassets */; };
		F32579852A028A75007ABDC7 /* LaunchScreen.storyboard in Resources */ = {isa = PBXBuildFile; fileRef = F32579832A028A75007ABDC7 /* LaunchScreen.storyboard */; };
		F32579902A028A75007ABDC7 /* Timer_PracticeTests.swift in Sources */ = {isa = PBXBuildFile; fileRef = F325798F2A028A75007ABDC7 /* Timer_PracticeTests.swift */; };
		F325799A2A028A75007ABDC7 /* Timer_PracticeUITests.swift in Sources */ = {isa = PBXBuildFile; fileRef = F32579992A028A75007ABDC7 /* Timer_PracticeUITests.swift */; };
		F325799C2A028A75007ABDC7 /* Timer_PracticeUITestsLaunchTests.swift in Sources */ = {isa = PBXBuildFile; fileRef = F325799B2A028A75007ABDC7 /* Timer_PracticeUITestsLaunchTests.swift */; };
		F32579A92A028F32007ABDC7 /* CountDownViewController.swift in Sources */ = {isa = PBXBuildFile; fileRef = F32579A82A028F32007ABDC7 /* CountDownViewController.swift */; };
/* End PBXBuildFile section */

/* Begin PBXContainerItemProxy section */
		F325798C2A028A75007ABDC7 /* PBXContainerItemProxy */ = {
			isa = PBXContainerItemProxy;
			containerPortal = F325796D2A028A74007ABDC7 /* Project object */;
			proxyType = 1;
			remoteGlobalIDString = F32579742A028A74007ABDC7;
			remoteInfo = Timer_Practice;
		};
		F32579962A028A75007ABDC7 /* PBXContainerItemProxy */ = {
			isa = PBXContainerItemProxy;
			containerPortal = F325796D2A028A74007ABDC7 /* Project object */;
			proxyType = 1;
			remoteGlobalIDString = F32579742A028A74007ABDC7;
			remoteInfo = Timer_Practice;
		};
/* End PBXContainerItemProxy section */

/* Begin PBXFileReference section */
		C5DD69462A0782CA00A55756 /* RecordTableViewCell.swift */ = {isa = PBXFileReference; lastKnownFileType = sourcecode.swift; path = RecordTableViewCell.swift; sourceTree = "<group>"; };
		C5DD694A2A07869E00A55756 /* Record.swift */ = {isa = PBXFileReference; lastKnownFileType = sourcecode.swift; path = Record.swift; sourceTree = "<group>"; };
		F32579752A028A74007ABDC7 /* Timer_Practice.app */ = {isa = PBXFileReference; explicitFileType = wrapper.application; includeInIndex = 0; path = Timer_Practice.app; sourceTree = BUILT_PRODUCTS_DIR; };
		F32579782A028A74007ABDC7 /* AppDelegate.swift */ = {isa = PBXFileReference; lastKnownFileType = sourcecode.swift; path = AppDelegate.swift; sourceTree = "<group>"; };
		F325797A2A028A74007ABDC7 /* SceneDelegate.swift */ = {isa = PBXFileReference; lastKnownFileType = sourcecode.swift; path = SceneDelegate.swift; sourceTree = "<group>"; };
		F325797C2A028A74007ABDC7 /* ViewController.swift */ = {isa = PBXFileReference; lastKnownFileType = sourcecode.swift; path = ViewController.swift; sourceTree = "<group>"; };
		F32579812A028A75007ABDC7 /* Assets.xcassets */ = {isa = PBXFileReference; lastKnownFileType = folder.assetcatalog; path = Assets.xcassets; sourceTree = "<group>"; };
		F32579842A028A75007ABDC7 /* Base */ = {isa = PBXFileReference; lastKnownFileType = file.storyboard; name = Base; path = Base.lproj/LaunchScreen.storyboard; sourceTree = "<group>"; };
		F32579862A028A75007ABDC7 /* Info.plist */ = {isa = PBXFileReference; lastKnownFileType = text.plist.xml; path = Info.plist; sourceTree = "<group>"; };
		F325798B2A028A75007ABDC7 /* Timer_PracticeTests.xctest */ = {isa = PBXFileReference; explicitFileType = wrapper.cfbundle; includeInIndex = 0; path = Timer_PracticeTests.xctest; sourceTree = BUILT_PRODUCTS_DIR; };
		F325798F2A028A75007ABDC7 /* Timer_PracticeTests.swift */ = {isa = PBXFileReference; lastKnownFileType = sourcecode.swift; path = Timer_PracticeTests.swift; sourceTree = "<group>"; };
		F32579952A028A75007ABDC7 /* Timer_PracticeUITests.xctest */ = {isa = PBXFileReference; explicitFileType = wrapper.cfbundle; includeInIndex = 0; path = Timer_PracticeUITests.xctest; sourceTree = BUILT_PRODUCTS_DIR; };
		F32579992A028A75007ABDC7 /* Timer_PracticeUITests.swift */ = {isa = PBXFileReference; lastKnownFileType = sourcecode.swift; path = Timer_PracticeUITests.swift; sourceTree = "<group>"; };
		F325799B2A028A75007ABDC7 /* Timer_PracticeUITestsLaunchTests.swift */ = {isa = PBXFileReference; lastKnownFileType = sourcecode.swift; path = Timer_PracticeUITestsLaunchTests.swift; sourceTree = "<group>"; };
		F32579A82A028F32007ABDC7 /* CountDownViewController.swift */ = {isa = PBXFileReference; lastKnownFileType = sourcecode.swift; path = CountDownViewController.swift; sourceTree = "<group>"; };
/* End PBXFileReference section */

/* Begin PBXFrameworksBuildPhase section */
		F32579722A028A74007ABDC7 /* Frameworks */ = {
			isa = PBXFrameworksBuildPhase;
			buildActionMask = 2147483647;
			files = (
			);
			runOnlyForDeploymentPostprocessing = 0;
		};
		F32579882A028A75007ABDC7 /* Frameworks */ = {
			isa = PBXFrameworksBuildPhase;
			buildActionMask = 2147483647;
			files = (
			);
			runOnlyForDeploymentPostprocessing = 0;
		};
		F32579922A028A75007ABDC7 /* Frameworks */ = {
			isa = PBXFrameworksBuildPhase;
			buildActionMask = 2147483647;
			files = (
			);
			runOnlyForDeploymentPostprocessing = 0;
		};
/* End PBXFrameworksBuildPhase section */

/* Begin PBXGroup section */
		C5DD69452A074DE200A55756 /* Controllers */ = {
			isa = PBXGroup;
			children = (
				F325797C2A028A74007ABDC7 /* ViewController.swift */,
				F32579A82A028F32007ABDC7 /* CountDownViewController.swift */,
			);
			path = Controllers;
			sourceTree = "<group>";
		};
		C5DD69492A07869100A55756 /* Models */ = {
			isa = PBXGroup;
			children = (
				C5DD694A2A07869E00A55756 /* Record.swift */,
			);
			path = Models;
			sourceTree = "<group>";
		};
		F325796C2A028A74007ABDC7 = {
			isa = PBXGroup;
			children = (
				F32579772A028A74007ABDC7 /* Timer_Practice */,
				F325798E2A028A75007ABDC7 /* Timer_PracticeTests */,
				F32579982A028A75007ABDC7 /* Timer_PracticeUITests */,
				F32579762A028A74007ABDC7 /* Products */,
			);
			sourceTree = "<group>";
		};
		F32579762A028A74007ABDC7 /* Products */ = {
			isa = PBXGroup;
			children = (
				F32579752A028A74007ABDC7 /* Timer_Practice.app */,
				F325798B2A028A75007ABDC7 /* Timer_PracticeTests.xctest */,
				F32579952A028A75007ABDC7 /* Timer_PracticeUITests.xctest */,
			);
			name = Products;
			sourceTree = "<group>";
		};
		F32579772A028A74007ABDC7 /* Timer_Practice */ = {
			isa = PBXGroup;
			children = (
				C5DD69492A07869100A55756 /* Models */,
				C5DD69452A074DE200A55756 /* Controllers */,
				F32579782A028A74007ABDC7 /* AppDelegate.swift */,
				F325797A2A028A74007ABDC7 /* SceneDelegate.swift */,
				C5DD69462A0782CA00A55756 /* RecordTableViewCell.swift */,
				F32579812A028A75007ABDC7 /* Assets.xcassets */,
				F32579832A028A75007ABDC7 /* LaunchScreen.storyboard */,
				F32579862A028A75007ABDC7 /* Info.plist */,
			);
			path = Timer_Practice;
			sourceTree = "<group>";
		};
		F325798E2A028A75007ABDC7 /* Timer_PracticeTests */ = {
			isa = PBXGroup;
			children = (
				F325798F2A028A75007ABDC7 /* Timer_PracticeTests.swift */,
			);
			path = Timer_PracticeTests;
			sourceTree = "<group>";
		};
		F32579982A028A75007ABDC7 /* Timer_PracticeUITests */ = {
			isa = PBXGroup;
			children = (
				F32579992A028A75007ABDC7 /* Timer_PracticeUITests.swift */,
				F325799B2A028A75007ABDC7 /* Timer_PracticeUITestsLaunchTests.swift */,
			);
			path = Timer_PracticeUITests;
			sourceTree = "<group>";
		};
/* End PBXGroup section */

/* Begin PBXNativeTarget section */
		F32579742A028A74007ABDC7 /* Timer_Practice */ = {
			isa = PBXNativeTarget;
			buildConfigurationList = F325799F2A028A75007ABDC7 /* Build configuration list for PBXNativeTarget "Timer_Practice" */;
			buildPhases = (
				F32579712A028A74007ABDC7 /* Sources */,
				F32579722A028A74007ABDC7 /* Frameworks */,
				F32579732A028A74007ABDC7 /* Resources */,
			);
			buildRules = (
			);
			dependencies = (
			);
			name = Timer_Practice;
			productName = Timer_Practice;
			productReference = F32579752A028A74007ABDC7 /* Timer_Practice.app */;
			productType = "com.apple.product-type.application";
		};
		F325798A2A028A75007ABDC7 /* Timer_PracticeTests */ = {
			isa = PBXNativeTarget;
			buildConfigurationList = F32579A22A028A75007ABDC7 /* Build configuration list for PBXNativeTarget "Timer_PracticeTests" */;
			buildPhases = (
				F32579872A028A75007ABDC7 /* Sources */,
				F32579882A028A75007ABDC7 /* Frameworks */,
				F32579892A028A75007ABDC7 /* Resources */,
			);
			buildRules = (
			);
			dependencies = (
				F325798D2A028A75007ABDC7 /* PBXTargetDependency */,
			);
			name = Timer_PracticeTests;
			productName = Timer_PracticeTests;
			productReference = F325798B2A028A75007ABDC7 /* Timer_PracticeTests.xctest */;
			productType = "com.apple.product-type.bundle.unit-test";
		};
		F32579942A028A75007ABDC7 /* Timer_PracticeUITests */ = {
			isa = PBXNativeTarget;
			buildConfigurationList = F32579A52A028A75007ABDC7 /* Build configuration list for PBXNativeTarget "Timer_PracticeUITests" */;
			buildPhases = (
				F32579912A028A75007ABDC7 /* Sources */,
				F32579922A028A75007ABDC7 /* Frameworks */,
				F32579932A028A75007ABDC7 /* Resources */,
			);
			buildRules = (
			);
			dependencies = (
				F32579972A028A75007ABDC7 /* PBXTargetDependency */,
			);
			name = Timer_PracticeUITests;
			productName = Timer_PracticeUITests;
			productReference = F32579952A028A75007ABDC7 /* Timer_PracticeUITests.xctest */;
			productType = "com.apple.product-type.bundle.ui-testing";
		};
/* End PBXNativeTarget section */

/* Begin PBXProject section */
		F325796D2A028A74007ABDC7 /* Project object */ = {
			isa = PBXProject;
			attributes = {
				BuildIndependentTargetsInParallel = 1;
				LastSwiftUpdateCheck = 1430;
				LastUpgradeCheck = 1430;
				TargetAttributes = {
					F32579742A028A74007ABDC7 = {
						CreatedOnToolsVersion = 14.3;
					};
					F325798A2A028A75007ABDC7 = {
						CreatedOnToolsVersion = 14.3;
						TestTargetID = F32579742A028A74007ABDC7;
					};
					F32579942A028A75007ABDC7 = {
						CreatedOnToolsVersion = 14.3;
						TestTargetID = F32579742A028A74007ABDC7;
					};
				};
			};
			buildConfigurationList = F32579702A028A74007ABDC7 /* Build configuration list for PBXProject "Timer_Practice" */;
			compatibilityVersion = "Xcode 14.0";
			developmentRegion = en;
			hasScannedForEncodings = 0;
			knownRegions = (
				en,
				Base,
			);
			mainGroup = F325796C2A028A74007ABDC7;
			productRefGroup = F32579762A028A74007ABDC7 /* Products */;
			projectDirPath = "";
			projectRoot = "";
			targets = (
				F32579742A028A74007ABDC7 /* Timer_Practice */,
				F325798A2A028A75007ABDC7 /* Timer_PracticeTests */,
				F32579942A028A75007ABDC7 /* Timer_PracticeUITests */,
			);
		};
/* End PBXProject section */

/* Begin PBXResourcesBuildPhase section */
		F32579732A028A74007ABDC7 /* Resources */ = {
			isa = PBXResourcesBuildPhase;
			buildActionMask = 2147483647;
			files = (
				F32579852A028A75007ABDC7 /* LaunchScreen.storyboard in Resources */,
				F32579822A028A75007ABDC7 /* Assets.xcassets in Resources */,
			);
			runOnlyForDeploymentPostprocessing = 0;
		};
		F32579892A028A75007ABDC7 /* Resources */ = {
			isa = PBXResourcesBuildPhase;
			buildActionMask = 2147483647;
			files = (
			);
			runOnlyForDeploymentPostprocessing = 0;
		};
		F32579932A028A75007ABDC7 /* Resources */ = {
			isa = PBXResourcesBuildPhase;
			buildActionMask = 2147483647;
			files = (
			);
			runOnlyForDeploymentPostprocessing = 0;
		};
/* End PBXResourcesBuildPhase section */

/* Begin PBXSourcesBuildPhase section */
		F32579712A028A74007ABDC7 /* Sources */ = {
			isa = PBXSourcesBuildPhase;
			buildActionMask = 2147483647;
			files = (
				F32579A92A028F32007ABDC7 /* CountDownViewController.swift in Sources */,
				F325797D2A028A74007ABDC7 /* ViewController.swift in Sources */,
				C5DD694B2A07869E00A55756 /* Record.swift in Sources */,
				F32579792A028A74007ABDC7 /* AppDelegate.swift in Sources */,
				C5DD69472A0782CA00A55756 /* RecordTableViewCell.swift in Sources */,
				F325797B2A028A74007ABDC7 /* SceneDelegate.swift in Sources */,
			);
			runOnlyForDeploymentPostprocessing = 0;
		};
		F32579872A028A75007ABDC7 /* Sources */ = {
			isa = PBXSourcesBuildPhase;
			buildActionMask = 2147483647;
			files = (
				F32579902A028A75007ABDC7 /* Timer_PracticeTests.swift in Sources */,
			);
			runOnlyForDeploymentPostprocessing = 0;
		};
		F32579912A028A75007ABDC7 /* Sources */ = {
			isa = PBXSourcesBuildPhase;
			buildActionMask = 2147483647;
			files = (
				F325799A2A028A75007ABDC7 /* Timer_PracticeUITests.swift in Sources */,
				F325799C2A028A75007ABDC7 /* Timer_PracticeUITestsLaunchTests.swift in Sources */,
			);
			runOnlyForDeploymentPostprocessing = 0;
		};
/* End PBXSourcesBuildPhase section */

/* Begin PBXTargetDependency section */
		F325798D2A028A75007ABDC7 /* PBXTargetDependency */ = {
			isa = PBXTargetDependency;
			target = F32579742A028A74007ABDC7 /* Timer_Practice */;
			targetProxy = F325798C2A028A75007ABDC7 /* PBXContainerItemProxy */;
		};
		F32579972A028A75007ABDC7 /* PBXTargetDependency */ = {
			isa = PBXTargetDependency;
			target = F32579742A028A74007ABDC7 /* Timer_Practice */;
			targetProxy = F32579962A028A75007ABDC7 /* PBXContainerItemProxy */;
		};
/* End PBXTargetDependency section */

/* Begin PBXVariantGroup section */
		F32579832A028A75007ABDC7 /* LaunchScreen.storyboard */ = {
			isa = PBXVariantGroup;
			children = (
				F32579842A028A75007ABDC7 /* Base */,
			);
			name = LaunchScreen.storyboard;
			sourceTree = "<group>";
		};
/* End PBXVariantGroup section */

/* Begin XCBuildConfiguration section */
		F325799D2A028A75007ABDC7 /* Debug */ = {
			isa = XCBuildConfiguration;
			buildSettings = {
				ALWAYS_SEARCH_USER_PATHS = NO;
				CLANG_ANALYZER_NONNULL = YES;
				CLANG_ANALYZER_NUMBER_OBJECT_CONVERSION = YES_AGGRESSIVE;
				CLANG_CXX_LANGUAGE_STANDARD = "gnu++20";
				CLANG_ENABLE_MODULES = YES;
				CLANG_ENABLE_OBJC_ARC = YES;
				CLANG_ENABLE_OBJC_WEAK = YES;
				CLANG_WARN_BLOCK_CAPTURE_AUTORELEASING = YES;
				CLANG_WARN_BOOL_CONVERSION = YES;
				CLANG_WARN_COMMA = YES;
				CLANG_WARN_CONSTANT_CONVERSION = YES;
				CLANG_WARN_DEPRECATED_OBJC_IMPLEMENTATIONS = YES;
				CLANG_WARN_DIRECT_OBJC_ISA_USAGE = YES_ERROR;
				CLANG_WARN_DOCUMENTATION_COMMENTS = YES;
				CLANG_WARN_EMPTY_BODY = YES;
				CLANG_WARN_ENUM_CONVERSION = YES;
				CLANG_WARN_INFINITE_RECURSION = YES;
				CLANG_WARN_INT_CONVERSION = YES;
				CLANG_WARN_NON_LITERAL_NULL_CONVERSION = YES;
				CLANG_WARN_OBJC_IMPLICIT_RETAIN_SELF = YES;
				CLANG_WARN_OBJC_LITERAL_CONVERSION = YES;
				CLANG_WARN_OBJC_ROOT_CLASS = YES_ERROR;
				CLANG_WARN_QUOTED_INCLUDE_IN_FRAMEWORK_HEADER = YES;
				CLANG_WARN_RANGE_LOOP_ANALYSIS = YES;
				CLANG_WARN_STRICT_PROTOTYPES = YES;
				CLANG_WARN_SUSPICIOUS_MOVE = YES;
				CLANG_WARN_UNGUARDED_AVAILABILITY = YES_AGGRESSIVE;
				CLANG_WARN_UNREACHABLE_CODE = YES;
				CLANG_WARN__DUPLICATE_METHOD_MATCH = YES;
				COPY_PHASE_STRIP = NO;
				DEBUG_INFORMATION_FORMAT = dwarf;
				ENABLE_STRICT_OBJC_MSGSEND = YES;
				ENABLE_TESTABILITY = YES;
				GCC_C_LANGUAGE_STANDARD = gnu11;
				GCC_DYNAMIC_NO_PIC = NO;
				GCC_NO_COMMON_BLOCKS = YES;
				GCC_OPTIMIZATION_LEVEL = 0;
				GCC_PREPROCESSOR_DEFINITIONS = (
					"DEBUG=1",
					"$(inherited)",
				);
				GCC_WARN_64_TO_32_BIT_CONVERSION = YES;
				GCC_WARN_ABOUT_RETURN_TYPE = YES_ERROR;
				GCC_WARN_UNDECLARED_SELECTOR = YES;
				GCC_WARN_UNINITIALIZED_AUTOS = YES_AGGRESSIVE;
				GCC_WARN_UNUSED_FUNCTION = YES;
				GCC_WARN_UNUSED_VARIABLE = YES;
				IPHONEOS_DEPLOYMENT_TARGET = 16.4;
				MTL_ENABLE_DEBUG_INFO = INCLUDE_SOURCE;
				MTL_FAST_MATH = YES;
				ONLY_ACTIVE_ARCH = YES;
				SDKROOT = iphoneos;
				SWIFT_ACTIVE_COMPILATION_CONDITIONS = DEBUG;
				SWIFT_OPTIMIZATION_LEVEL = "-Onone";
			};
			name = Debug;
		};
		F325799E2A028A75007ABDC7 /* Release */ = {
			isa = XCBuildConfiguration;
			buildSettings = {
				ALWAYS_SEARCH_USER_PATHS = NO;
				CLANG_ANALYZER_NONNULL = YES;
				CLANG_ANALYZER_NUMBER_OBJECT_CONVERSION = YES_AGGRESSIVE;
				CLANG_CXX_LANGUAGE_STANDARD = "gnu++20";
				CLANG_ENABLE_MODULES = YES;
				CLANG_ENABLE_OBJC_ARC = YES;
				CLANG_ENABLE_OBJC_WEAK = YES;
				CLANG_WARN_BLOCK_CAPTURE_AUTORELEASING = YES;
				CLANG_WARN_BOOL_CONVERSION = YES;
				CLANG_WARN_COMMA = YES;
				CLANG_WARN_CONSTANT_CONVERSION = YES;
				CLANG_WARN_DEPRECATED_OBJC_IMPLEMENTATIONS = YES;
				CLANG_WARN_DIRECT_OBJC_ISA_USAGE = YES_ERROR;
				CLANG_WARN_DOCUMENTATION_COMMENTS = YES;
				CLANG_WARN_EMPTY_BODY = YES;
				CLANG_WARN_ENUM_CONVERSION = YES;
				CLANG_WARN_INFINITE_RECURSION = YES;
				CLANG_WARN_INT_CONVERSION = YES;
				CLANG_WARN_NON_LITERAL_NULL_CONVERSION = YES;
				CLANG_WARN_OBJC_IMPLICIT_RETAIN_SELF = YES;
				CLANG_WARN_OBJC_LITERAL_CONVERSION = YES;
				CLANG_WARN_OBJC_ROOT_CLASS = YES_ERROR;
				CLANG_WARN_QUOTED_INCLUDE_IN_FRAMEWORK_HEADER = YES;
				CLANG_WARN_RANGE_LOOP_ANALYSIS = YES;
				CLANG_WARN_STRICT_PROTOTYPES = YES;
				CLANG_WARN_SUSPICIOUS_MOVE = YES;
				CLANG_WARN_UNGUARDED_AVAILABILITY = YES_AGGRESSIVE;
				CLANG_WARN_UNREACHABLE_CODE = YES;
				CLANG_WARN__DUPLICATE_METHOD_MATCH = YES;
				COPY_PHASE_STRIP = NO;
				DEBUG_INFORMATION_FORMAT = "dwarf-with-dsym";
				ENABLE_NS_ASSERTIONS = NO;
				ENABLE_STRICT_OBJC_MSGSEND = YES;
				GCC_C_LANGUAGE_STANDARD = gnu11;
				GCC_NO_COMMON_BLOCKS = YES;
				GCC_WARN_64_TO_32_BIT_CONVERSION = YES;
				GCC_WARN_ABOUT_RETURN_TYPE = YES_ERROR;
				GCC_WARN_UNDECLARED_SELECTOR = YES;
				GCC_WARN_UNINITIALIZED_AUTOS = YES_AGGRESSIVE;
				GCC_WARN_UNUSED_FUNCTION = YES;
				GCC_WARN_UNUSED_VARIABLE = YES;
				IPHONEOS_DEPLOYMENT_TARGET = 16.4;
				MTL_ENABLE_DEBUG_INFO = NO;
				MTL_FAST_MATH = YES;
				SDKROOT = iphoneos;
				SWIFT_COMPILATION_MODE = wholemodule;
				SWIFT_OPTIMIZATION_LEVEL = "-O";
				VALIDATE_PRODUCT = YES;
			};
			name = Release;
		};
		F32579A02A028A75007ABDC7 /* Debug */ = {
			isa = XCBuildConfiguration;
			buildSettings = {
				ASSETCATALOG_COMPILER_APPICON_NAME = AppIcon;
				ASSETCATALOG_COMPILER_GLOBAL_ACCENT_COLOR_NAME = AccentColor;
				CODE_SIGN_STYLE = Automatic;
				CURRENT_PROJECT_VERSION = 1;
				DEVELOPMENT_TEAM = K23A78WQAY;
				GENERATE_INFOPLIST_FILE = YES;
				INFOPLIST_FILE = Timer_Practice/Info.plist;
				INFOPLIST_KEY_UIApplicationSupportsIndirectInputEvents = YES;
				INFOPLIST_KEY_UILaunchStoryboardName = LaunchScreen;
				INFOPLIST_KEY_UISupportedInterfaceOrientations_iPad = "UIInterfaceOrientationPortrait UIInterfaceOrientationPortraitUpsideDown UIInterfaceOrientationLandscapeLeft UIInterfaceOrientationLandscapeRight";
				INFOPLIST_KEY_UISupportedInterfaceOrientations_iPhone = "UIInterfaceOrientationPortrait UIInterfaceOrientationLandscapeLeft UIInterfaceOrientationLandscapeRight";
				IPHONEOS_DEPLOYMENT_TARGET = 16.0;
				LD_RUNPATH_SEARCH_PATHS = (
					"$(inherited)",
					"@executable_path/Frameworks",
				);
				MARKETING_VERSION = 1.0;
				PRODUCT_BUNDLE_IDENTIFIER = "jin.Timer-Practice";
				PRODUCT_NAME = "$(TARGET_NAME)";
				SWIFT_EMIT_LOC_STRINGS = YES;
				SWIFT_VERSION = 5.0;
				TARGETED_DEVICE_FAMILY = "1,2";
			};
			name = Debug;
		};
		F32579A12A028A75007ABDC7 /* Release */ = {
			isa = XCBuildConfiguration;
			buildSettings = {
				ASSETCATALOG_COMPILER_APPICON_NAME = AppIcon;
				ASSETCATALOG_COMPILER_GLOBAL_ACCENT_COLOR_NAME = AccentColor;
				CODE_SIGN_STYLE = Automatic;
				CURRENT_PROJECT_VERSION = 1;
				DEVELOPMENT_TEAM = K23A78WQAY;
				GENERATE_INFOPLIST_FILE = YES;
				INFOPLIST_FILE = Timer_Practice/Info.plist;
				INFOPLIST_KEY_UIApplicationSupportsIndirectInputEvents = YES;
				INFOPLIST_KEY_UILaunchStoryboardName = LaunchScreen;
				INFOPLIST_KEY_UISupportedInterfaceOrientations_iPad = "UIInterfaceOrientationPortrait UIInterfaceOrientationPortraitUpsideDown UIInterfaceOrientationLandscapeLeft UIInterfaceOrientationLandscapeRight";
				INFOPLIST_KEY_UISupportedInterfaceOrientations_iPhone = "UIInterfaceOrientationPortrait UIInterfaceOrientationLandscapeLeft UIInterfaceOrientationLandscapeRight";
				IPHONEOS_DEPLOYMENT_TARGET = 16.0;
				LD_RUNPATH_SEARCH_PATHS = (
					"$(inherited)",
					"@executable_path/Frameworks",
				);
				MARKETING_VERSION = 1.0;
				PRODUCT_BUNDLE_IDENTIFIER = "jin.Timer-Practice";
				PRODUCT_NAME = "$(TARGET_NAME)";
				SWIFT_EMIT_LOC_STRINGS = YES;
				SWIFT_VERSION = 5.0;
				TARGETED_DEVICE_FAMILY = "1,2";
			};
			name = Release;
		};
		F32579A32A028A75007ABDC7 /* Debug */ = {
			isa = XCBuildConfiguration;
			buildSettings = {
				ALWAYS_EMBED_SWIFT_STANDARD_LIBRARIES = YES;
				BUNDLE_LOADER = "$(TEST_HOST)";
				CODE_SIGN_STYLE = Automatic;
				CURRENT_PROJECT_VERSION = 1;
				DEVELOPMENT_TEAM = WR433M8CR5;
				GENERATE_INFOPLIST_FILE = YES;
				IPHONEOS_DEPLOYMENT_TARGET = 16.4;
				MARKETING_VERSION = 1.0;
				PRODUCT_BUNDLE_IDENTIFIER = "jin.Timer-PracticeTests";
				PRODUCT_NAME = "$(TARGET_NAME)";
				SWIFT_EMIT_LOC_STRINGS = NO;
				SWIFT_VERSION = 5.0;
				TARGETED_DEVICE_FAMILY = "1,2";
				TEST_HOST = "$(BUILT_PRODUCTS_DIR)/Timer_Practice.app/$(BUNDLE_EXECUTABLE_FOLDER_PATH)/Timer_Practice";
			};
			name = Debug;
		};
		F32579A42A028A75007ABDC7 /* Release */ = {
			isa = XCBuildConfiguration;
			buildSettings = {
				ALWAYS_EMBED_SWIFT_STANDARD_LIBRARIES = YES;
				BUNDLE_LOADER = "$(TEST_HOST)";
				CODE_SIGN_STYLE = Automatic;
				CURRENT_PROJECT_VERSION = 1;
				DEVELOPMENT_TEAM = WR433M8CR5;
				GENERATE_INFOPLIST_FILE = YES;
				IPHONEOS_DEPLOYMENT_TARGET = 16.4;
				MARKETING_VERSION = 1.0;
				PRODUCT_BUNDLE_IDENTIFIER = "jin.Timer-PracticeTests";
				PRODUCT_NAME = "$(TARGET_NAME)";
				SWIFT_EMIT_LOC_STRINGS = NO;
				SWIFT_VERSION = 5.0;
				TARGETED_DEVICE_FAMILY = "1,2";
				TEST_HOST = "$(BUILT_PRODUCTS_DIR)/Timer_Practice.app/$(BUNDLE_EXECUTABLE_FOLDER_PATH)/Timer_Practice";
			};
			name = Release;
		};
		F32579A62A028A75007ABDC7 /* Debug */ = {
			isa = XCBuildConfiguration;
			buildSettings = {
				ALWAYS_EMBED_SWIFT_STANDARD_LIBRARIES = YES;
				CODE_SIGN_STYLE = Automatic;
				CURRENT_PROJECT_VERSION = 1;
				DEVELOPMENT_TEAM = WR433M8CR5;
				GENERATE_INFOPLIST_FILE = YES;
				MARKETING_VERSION = 1.0;
				PRODUCT_BUNDLE_IDENTIFIER = "jin.Timer-PracticeUITests";
				PRODUCT_NAME = "$(TARGET_NAME)";
				SWIFT_EMIT_LOC_STRINGS = NO;
				SWIFT_VERSION = 5.0;
				TARGETED_DEVICE_FAMILY = "1,2";
				TEST_TARGET_NAME = Timer_Practice;
			};
			name = Debug;
		};
		F32579A72A028A75007ABDC7 /* Release */ = {
			isa = XCBuildConfiguration;
			buildSettings = {
				ALWAYS_EMBED_SWIFT_STANDARD_LIBRARIES = YES;
				CODE_SIGN_STYLE = Automatic;
				CURRENT_PROJECT_VERSION = 1;
				DEVELOPMENT_TEAM = WR433M8CR5;
				GENERATE_INFOPLIST_FILE = YES;
				MARKETING_VERSION = 1.0;
				PRODUCT_BUNDLE_IDENTIFIER = "jin.Timer-PracticeUITests";
				PRODUCT_NAME = "$(TARGET_NAME)";
				SWIFT_EMIT_LOC_STRINGS = NO;
				SWIFT_VERSION = 5.0;
				TARGETED_DEVICE_FAMILY = "1,2";
				TEST_TARGET_NAME = Timer_Practice;
			};
			name = Release;
		};
/* End XCBuildConfiguration section */

/* Begin XCConfigurationList section */
		F32579702A028A74007ABDC7 /* Build configuration list for PBXProject "Timer_Practice" */ = {
			isa = XCConfigurationList;
			buildConfigurations = (
				F325799D2A028A75007ABDC7 /* Debug */,
				F325799E2A028A75007ABDC7 /* Release */,
			);
			defaultConfigurationIsVisible = 0;
			defaultConfigurationName = Release;
		};
		F325799F2A028A75007ABDC7 /* Build configuration list for PBXNativeTarget "Timer_Practice" */ = {
			isa = XCConfigurationList;
			buildConfigurations = (
				F32579A02A028A75007ABDC7 /* Debug */,
				F32579A12A028A75007ABDC7 /* Release */,
			);
			defaultConfigurationIsVisible = 0;
			defaultConfigurationName = Release;
		};
		F32579A22A028A75007ABDC7 /* Build configuration list for PBXNativeTarget "Timer_PracticeTests" */ = {
			isa = XCConfigurationList;
			buildConfigurations = (
				F32579A32A028A75007ABDC7 /* Debug */,
				F32579A42A028A75007ABDC7 /* Release */,
			);
			defaultConfigurationIsVisible = 0;
			defaultConfigurationName = Release;
		};
		F32579A52A028A75007ABDC7 /* Build configuration list for PBXNativeTarget "Timer_PracticeUITests" */ = {
			isa = XCConfigurationList;
			buildConfigurations = (
				F32579A62A028A75007ABDC7 /* Debug */,
				F32579A72A028A75007ABDC7 /* Release */,
			);
			defaultConfigurationIsVisible = 0;
			defaultConfigurationName = Release;
		};
/* End XCConfigurationList section */
	};
	rootObject = F325796D2A028A74007ABDC7 /* Project object */;
}
